
Microsoft Visual Studio Solution File, Format Version 12.00
# Visual Studio Version 17
VisualStudioVersion = 17.4.33213.308
MinimumVisualStudioVersion = 10.0.40219.1
Project("{FAE04EC0-301F-11D3-BF4B-00C04F79EFBC}") = "RatingBiblio", "RatingBiblio\RatingBiblio.csproj", "{049008EB-5520-4682-9B1E-11B3EE207D74}"
EndProject
Global
	GlobalSection(SolutionConfigurationPlatforms) = preSolution
		Debug|Any CPU = Debug|Any CPU
		Release|Any CPU = Release|Any CPU
	EndGlobalSection
	GlobalSection(ProjectConfigurationPlatforms) = postSolution
		{049008EB-5520-4682-9B1E-11B3EE207D74}.Debug|Any CPU.ActiveCfg = Debug|Any CPU
		{049008EB-5520-4682-9B1E-11B3EE207D74}.Debug|Any CPU.Build.0 = Debug|Any CPU
		{049008EB-5520-4682-9B1E-11B3EE207D74}.Release|Any CPU.ActiveCfg = Release|Any CPU
		{049008EB-5520-4682-9B1E-11B3EE207D74}.Release|Any CPU.Build.0 = Release|Any CPU
	EndGlobalSection
	GlobalSection(SolutionProperties) = preSolution
		HideSolutionNode = FALSE
	EndGlobalSection
	GlobalSection(ExtensibilityGlobals) = postSolution
		SolutionGuid = {8EDE43A2-78C9-44FD-A7F3-DAF3074B7DED}
	EndGlobalSection
EndGlobal
